# THIS IS AN AUTOGENERATED FILE. DO NOT EDIT THIS FILE DIRECTLY.
# yarn lockfile v1


mime-db@~1.25.0:
  version "1.25.0"
  resolved "https://registry.yarnpkg.com/mime-db/-/mime-db-1.25.0.tgz#c18dbd7c73a5dbf6f44a024dc0d165a1e7b1c392"
  integrity sha1-wY29fHOl2/b0SgJNwNFloeexw5I=

mime-types@2.1.13:
  version "2.1.13"
  resolved "https://registry.yarnpkg.com/mime-types/-/mime-types-2.1.13.tgz#e07aaa9c6c6b9a7ca3012c69003ad25a39e92a88"
  integrity sha1-4HqqnGxrmnyjASxpADrSWjnpKog=
  dependencies:
    mime-db "~1.25.0"

moment@^2.19.1:
  version "2.29.1"
  resolved "https://registry.yarnpkg.com/moment/-/moment-2.29.1.tgz#b2be769fa31940be9eeea6469c075e35006fa3d3"
  integrity sha512-kHmoybcPV8Sqy59DwNDY3Jefr64lK/by/da0ViFcuA4DH0vQg5Q6Ze5VimxkfQNSC+Mls/Kx53s7TjP1RhFEDQ==

rss-generator@^0.0.3:
  version "0.0.3"
  resolved "https://registry.yarnpkg.com/rss-generator/-/rss-generator-0.0.3.tgz#93f3e40141bc6594994bcbfa56fc52a2ecb61c77"
  integrity sha512-lzcRc9ytcng92MHNLMC4Xh7Unwe3AfRmAW/yWHay7lxT8M0U0LU14+xnDU+60vSJx8d3IW8l5hvb4NVhTvXxMg==
  dependencies:
    mime-types "2.1.13"
    moment "^2.19.1"
    xml "1.0.1"

xml@1.0.1:
  version "1.0.1"
  resolved "https://registry.yarnpkg.com/xml/-/xml-1.0.1.tgz#78ba72020029c5bc87b8a81a3cfcd74b4a2fc1e5"
  integrity sha1-eLpyAgApxbyHuKgaPPzXS0ovweU=
